
Microsoft Visual Studio Solution File, Format Version 12.00
# Visual Studio 2013
VisualStudioVersion = 12.0.30723.0
MinimumVisualStudioVersion = 10.0.40219.1
Project("{FAE04EC0-301F-11D3-BF4B-00C04F79EFBC}") = "MVC4_Practice", "MVC4_Practice\MVC4_Practice.csproj", "{F959B109-B00D-49E4-ACAD-A089A6B39A7F}"
EndProject
Project("{FAE04EC0-301F-11D3-BF4B-00C04F79EFBC}") = "MVC4_Practice.Tests", "MVC4_Practice.Tests\MVC4_Practice.Tests.csproj", "{7DC55218-09CE-4042-B729-F233DCC3A17A}"
EndProject
Global
	GlobalSection(SolutionConfigurationPlatforms) = preSolution
		Debug|Any CPU = Debug|Any CPU
		Release|Any CPU = Release|Any CPU
	EndGlobalSection
	GlobalSection(ProjectConfigurationPlatforms) = postSolution
		{F959B109-B00D-49E4-ACAD-A089A6B39A7F}.Debug|Any CPU.ActiveCfg = Debug|Any CPU
		{F959B109-B00D-49E4-ACAD-A089A6B39A7F}.Debug|Any CPU.Build.0 = Debug|Any CPU
		{F959B109-B00D-49E4-ACAD-A089A6B39A7F}.Release|Any CPU.ActiveCfg = Release|Any CPU
		{F959B109-B00D-49E4-ACAD-A089A6B39A7F}.Release|Any CPU.Build.0 = Release|Any CPU
		{7DC55218-09CE-4042-B729-F233DCC3A17A}.Debug|Any CPU.ActiveCfg = Debug|Any CPU
		{7DC55218-09CE-4042-B729-F233DCC3A17A}.Debug|Any CPU.Build.0 = Debug|Any CPU
		{7DC55218-09CE-4042-B729-F233DCC3A17A}.Release|Any CPU.ActiveCfg = Release|Any CPU
		{7DC55218-09CE-4042-B729-F233DCC3A17A}.Release|Any CPU.Build.0 = Release|Any CPU
	EndGlobalSection
	GlobalSection(SolutionProperties) = preSolution
		HideSolutionNode = FALSE
	EndGlobalSection
EndGlobal
